
Microsoft Visual Studio Solution File, Format Version 12.00
# Visual Studio 15
VisualStudioVersion = 15.0.26730.16
MinimumVisualStudioVersion = 10.0.40219.1
Project("{FAE04EC0-301F-11D3-BF4B-00C04F79EFBC}") = "ClinicalTrials_WS", "ClinicalTrials_WS\ClinicalTrials_WS.csproj", "{72EEDDFA-EAD1-4B45-8634-5BC73938795A}"
EndProject
Global
	GlobalSection(SolutionConfigurationPlatforms) = preSolution
		Debug|Any CPU = Debug|Any CPU
		Release|Any CPU = Release|Any CPU
	EndGlobalSection
	GlobalSection(ProjectConfigurationPlatforms) = postSolution
		{72EEDDFA-EAD1-4B45-8634-5BC73938795A}.Debug|Any CPU.ActiveCfg = Debug|Any CPU
		{72EEDDFA-EAD1-4B45-8634-5BC73938795A}.Debug|Any CPU.Build.0 = Debug|Any CPU
		{72EEDDFA-EAD1-4B45-8634-5BC73938795A}.Release|Any CPU.ActiveCfg = Release|Any CPU
		{72EEDDFA-EAD1-4B45-8634-5BC73938795A}.Release|Any CPU.Build.0 = Release|Any CPU
	EndGlobalSection
	GlobalSection(SolutionProperties) = preSolution
		HideSolutionNode = FALSE
	EndGlobalSection
	GlobalSection(ExtensibilityGlobals) = postSolution
		SolutionGuid = {A405410D-7930-41F3-9D9D-04CD6F116005}
	EndGlobalSection
EndGlobal
